
Microsoft Visual Studio Solution File, Format Version 12.00
# Visual Studio Version 16
VisualStudioVersion = 16.0.29905.134
MinimumVisualStudioVersion = 15.0.26124.0
Project("{2150E333-8FDC-42A3-9474-1A3956D46DE8}") = "src", "src", "{3632AF83-DDD1-4B98-850A-133E6C864A43}"
EndProject
Project("{9A19103F-16F7-4668-BE54-9A1E7A4F7556}") = "LogikUI", "src\LogikUI\LogikUI.csproj", "{F3B685AF-7086-453F-B958-8A4C0D6AA9AF}"
	ProjectSection(ProjectDependencies) = postProject
		{F91BBA37-4CF9-4425-A065-7D32A92B6C93} = {F91BBA37-4CF9-4425-A065-7D32A92B6C93}
	EndProjectSection
EndProject
Project("{2150E333-8FDC-42A3-9474-1A3956D46DE8}") = "Solution Items", "Solution Items", "{0F4CC18F-F5D4-4CBE-9E97-8180E76392C1}"
	ProjectSection(SolutionItems) = preProject
		.editorconfig = .editorconfig
	EndProjectSection
EndProject
Project("{FAE04EC0-301F-11D3-BF4B-00C04F79EFBC}") = "LogikSimulation", "src\LogikSimulation\LogikSimulation.csproj", "{CC01D24F-65CE-4471-B228-FA216C10EBC5}"
	ProjectSection(ProjectDependencies) = postProject
		{F91BBA37-4CF9-4425-A065-7D32A92B6C93} = {F91BBA37-4CF9-4425-A065-7D32A92B6C93}
	EndProjectSection
EndProject
Project("{FAE04EC0-301F-11D3-BF4B-00C04F79EFBC}") = "Logik", "src\Logik\Logik.csproj", "{B8262ECF-8A5E-4309-A111-4351D91CA578}"
	ProjectSection(ProjectDependencies) = postProject
		{F91BBA37-4CF9-4425-A065-7D32A92B6C93} = {F91BBA37-4CF9-4425-A065-7D32A92B6C93}
		{CC01D24F-65CE-4471-B228-FA216C10EBC5} = {CC01D24F-65CE-4471-B228-FA216C10EBC5}
		{F3B685AF-7086-453F-B958-8A4C0D6AA9AF} = {F3B685AF-7086-453F-B958-8A4C0D6AA9AF}
	EndProjectSection
EndProject
Project("{FAE04EC0-301F-11D3-BF4B-00C04F79EFBC}") = "LogikCore", "src\LogikCore\LogikCore.csproj", "{F91BBA37-4CF9-4425-A065-7D32A92B6C93}"
EndProject
Global
	GlobalSection(SolutionConfigurationPlatforms) = preSolution
		Debug|Any CPU = Debug|Any CPU
		Debug|x64 = Debug|x64
		Debug|x86 = Debug|x86
		Release|Any CPU = Release|Any CPU
		Release|x64 = Release|x64
		Release|x86 = Release|x86
	EndGlobalSection
	GlobalSection(ProjectConfigurationPlatforms) = postSolution
		{F3B685AF-7086-453F-B958-8A4C0D6AA9AF}.Debug|Any CPU.ActiveCfg = Debug|Any CPU
		{F3B685AF-7086-453F-B958-8A4C0D6AA9AF}.Debug|Any CPU.Build.0 = Debug|Any CPU
		{F3B685AF-7086-453F-B958-8A4C0D6AA9AF}.Debug|x64.ActiveCfg = Debug|Any CPU
		{F3B685AF-7086-453F-B958-8A4C0D6AA9AF}.Debug|x64.Build.0 = Debug|Any CPU
		{F3B685AF-7086-453F-B958-8A4C0D6AA9AF}.Debug|x86.ActiveCfg = Debug|Any CPU
		{F3B685AF-7086-453F-B958-8A4C0D6AA9AF}.Debug|x86.Build.0 = Debug|Any CPU
		{F3B685AF-7086-453F-B958-8A4C0D6AA9AF}.Release|Any CPU.ActiveCfg = Release|Any CPU
		{F3B685AF-7086-453F-B958-8A4C0D6AA9AF}.Release|Any CPU.Build.0 = Release|Any CPU
		{F3B685AF-7086-453F-B958-8A4C0D6AA9AF}.Release|x64.ActiveCfg = Release|Any CPU
		{F3B685AF-7086-453F-B958-8A4C0D6AA9AF}.Release|x64.Build.0 = Release|Any CPU
		{F3B685AF-7086-453F-B958-8A4C0D6AA9AF}.Release|x86.ActiveCfg = Release|Any CPU
		{F3B685AF-7086-453F-B958-8A4C0D6AA9AF}.Release|x86.Build.0 = Release|Any CPU
		{CC01D24F-65CE-4471-B228-FA216C10EBC5}.Debug|Any CPU.ActiveCfg = Debug|Any CPU
		{CC01D24F-65CE-4471-B228-FA216C10EBC5}.Debug|Any CPU.Build.0 = Debug|Any CPU
		{CC01D24F-65CE-4471-B228-FA216C10EBC5}.Debug|x64.ActiveCfg = Debug|Any CPU
		{CC01D24F-65CE-4471-B228-FA216C10EBC5}.Debug|x64.Build.0 = Debug|Any CPU
		{CC01D24F-65CE-4471-B228-FA216C10EBC5}.Debug|x86.ActiveCfg = Debug|Any CPU
		{CC01D24F-65CE-4471-B228-FA216C10EBC5}.Debug|x86.Build.0 = Debug|Any CPU
		{CC01D24F-65CE-4471-B228-FA216C10EBC5}.Release|Any CPU.ActiveCfg = Release|Any CPU
		{CC01D24F-65CE-4471-B228-FA216C10EBC5}.Release|Any CPU.Build.0 = Release|Any CPU
		{CC01D24F-65CE-4471-B228-FA216C10EBC5}.Release|x64.ActiveCfg = Release|Any CPU
		{CC01D24F-65CE-4471-B228-FA216C10EBC5}.Release|x64.Build.0 = Release|Any CPU
		{CC01D24F-65CE-4471-B228-FA216C10EBC5}.Release|x86.ActiveCfg = Release|Any CPU
		{CC01D24F-65CE-4471-B228-FA216C10EBC5}.Release|x86.Build.0 = Release|Any CPU
		{B8262ECF-8A5E-4309-A111-4351D91CA578}.Debug|Any CPU.ActiveCfg = Debug|Any CPU
		{B8262ECF-8A5E-4309-A111-4351D91CA578}.Debug|Any CPU.Build.0 = Debug|Any CPU
		{B8262ECF-8A5E-4309-A111-4351D91CA578}.Debug|x64.ActiveCfg = Debug|Any CPU
		{B8262ECF-8A5E-4309-A111-4351D91CA578}.Debug|x64.Build.0 = Debug|Any CPU
		{B8262ECF-8A5E-4309-A111-4351D91CA578}.Debug|x86.ActiveCfg = Debug|Any CPU
		{B8262ECF-8A5E-4309-A111-4351D91CA578}.Debug|x86.Build.0 = Debug|Any CPU
		{B8262ECF-8A5E-4309-A111-4351D91CA578}.Release|Any CPU.ActiveCfg = Release|Any CPU
		{B8262ECF-8A5E-4309-A111-4351D91CA578}.Release|Any CPU.Build.0 = Release|Any CPU
		{B8262ECF-8A5E-4309-A111-4351D91CA578}.Release|x64.ActiveCfg = Release|Any CPU
		{B8262ECF-8A5E-4309-A111-4351D91CA578}.Release|x64.Build.0 = Release|Any CPU
		{B8262ECF-8A5E-4309-A111-4351D91CA578}.Release|x86.ActiveCfg = Release|Any CPU
		{B8262ECF-8A5E-4309-A111-4351D91CA578}.Release|x86.Build.0 = Release|Any CPU
		{F91BBA37-4CF9-4425-A065-7D32A92B6C93}.Debug|Any CPU.ActiveCfg = Debug|Any CPU
		{F91BBA37-4CF9-4425-A065-7D32A92B6C93}.Debug|Any CPU.Build.0 = Debug|Any CPU
		{F91BBA37-4CF9-4425-A065-7D32A92B6C93}.Debug|x64.ActiveCfg = Debug|Any CPU
		{F91BBA37-4CF9-4425-A065-7D32A92B6C93}.Debug|x64.Build.0 = Debug|Any CPU
		{F91BBA37-4CF9-4425-A065-7D32A92B6C93}.Debug|x86.ActiveCfg = Debug|Any CPU
		{F91BBA37-4CF9-4425-A065-7D32A92B6C93}.Debug|x86.Build.0 = Debug|Any CPU
		{F91BBA37-4CF9-4425-A065-7D32A92B6C93}.Release|Any CPU.ActiveCfg = Release|Any CPU
		{F91BBA37-4CF9-4425-A065-7D32A92B6C93}.Release|Any CPU.Build.0 = Release|Any CPU
		{F91BBA37-4CF9-4425-A065-7D32A92B6C93}.Release|x64.ActiveCfg = Release|Any CPU
		{F91BBA37-4CF9-4425-A065-7D32A92B6C93}.Release|x64.Build.0 = Release|Any CPU
		{F91BBA37-4CF9-4425-A065-7D32A92B6C93}.Release|x86.ActiveCfg = Release|Any CPU
		{F91BBA37-4CF9-4425-A065-7D32A92B6C93}.Release|x86.Build.0 = Release|Any CPU
	EndGlobalSection
	GlobalSection(SolutionProperties) = preSolution
		HideSolutionNode = FALSE
	EndGlobalSection
	GlobalSection(NestedProjects) = preSolution
		{F3B685AF-7086-453F-B958-8A4C0D6AA9AF} = {3632AF83-DDD1-4B98-850A-133E6C864A43}
		{CC01D24F-65CE-4471-B228-FA216C10EBC5} = {3632AF83-DDD1-4B98-850A-133E6C864A43}
		{B8262ECF-8A5E-4309-A111-4351D91CA578} = {3632AF83-DDD1-4B98-850A-133E6C864A43}
		{F91BBA37-4CF9-4425-A065-7D32A92B6C93} = {3632AF83-DDD1-4B98-850A-133E6C864A43}
	EndGlobalSection
	GlobalSection(ExtensibilityGlobals) = postSolution
		SolutionGuid = {0ED04252-1949-4E16-800C-958F038BC2D1}
	EndGlobalSection
EndGlobal
